// !$*UTF8*$!
{
	archiveVersion = 1;
	classes = {
	};
	objectVersion = 77;
	objects = {

/* Begin PBXBuildFile section */
		048C1C41BD00CB879A1F1807 /* LocalModelRuntimeTests.swift in Sources */ = {isa = PBXBuildFile; fileRef = F462A88170866B446AECBEDF /* LocalModelRuntimeTests.swift */; };
		07408B987BBE686D4A2867C8 /* AssemblyAIRealtimeProvider.swift in Sources */ = {isa = PBXBuildFile; fileRef = 2400733301B8C6B62BBBBADE /* AssemblyAIRealtimeProvider.swift */; };
		079E62AE96D969144BAC101E /* CorrectionLearningController.swift in Sources */ = {isa = PBXBuildFile; fileRef = E0EA74E6D9F42B0C455FFCC2 /* CorrectionLearningController.swift */; };
		0A440C120208A9FAA7026F3A /* AppLocalization.swift in Sources */ = {isa = PBXBuildFile; fileRef = 82D4C3234DFE8927E6B80953 /* AppLocalization.swift */; };
		0AA230812A550B3677854703 /* DictationCoordinatorTests.swift in Sources */ = {isa = PBXBuildFile; fileRef = E25ADB4A2A92A60860ADDE97 /* DictationCoordinatorTests.swift */; };
		0AC4A0D057AC1D5B184050EB /* provider-alibaba-cloud.svg in Resources */ = {isa = PBXBuildFile; fileRef = 4FF10FB8792E36433269C821 /* provider-alibaba-cloud.svg */; };
		0CC9ECF7F562AD5316B0D744 /* DictationCoordinator.swift in Sources */ = {isa = PBXBuildFile; fileRef = E60374F56B1400EFAA2E6ABC /* DictationCoordinator.swift */; };
		0EC4D9AE76C4613A63CCA0CF /* provider-gemini.svg in Resources */ = {isa = PBXBuildFile; fileRef = EBF9512E0313324EAB4D27AF /* provider-gemini.svg */; };
		13AEACD81A51544FBB83CC9B /* CorrectionLearning.swift in Sources */ = {isa = PBXBuildFile; fileRef = 98DE635938EC3C7780D6F4CF /* CorrectionLearning.swift */; };
		16506CE0651229C235E6997F /* provider-volcengine.svg in Resources */ = {isa = PBXBuildFile; fileRef = 473B94E3083AC662E10BB2F3 /* provider-volcengine.svg */; };
		1C251ED433E1ADD7BE0CCC97 /* AudioCaptureService.swift in Sources */ = {isa = PBXBuildFile; fileRef = 7E3585937DFD74537CD06375 /* AudioCaptureService.swift */; };
		2D95C800B8100F754AB4FEC6 /* VocabularyRulesView.swift in Sources */ = {isa = PBXBuildFile; fileRef = BD6AF4263364F99415FE81C5 /* VocabularyRulesView.swift */; };
		2DAC26768AB172A2426C376B /* DictationSessionModel.swift in Sources */ = {isa = PBXBuildFile; fileRef = 4DCBD2075D00E23850F2F254 /* DictationSessionModel.swift */; };
		321E53850470F38EB87BD3E4 /* AppEnvironmentTests.swift in Sources */ = {isa = PBXBuildFile; fileRef = 09EB05050047AEA5E7AF2A0F /* AppEnvironmentTests.swift */; };
		38C6EAC44D32457CEBAAE9AE /* VolcengineRealtimeProvider.swift in Sources */ = {isa = PBXBuildFile; fileRef = A4A1007A71A94BEFBAC33308 /* VolcengineRealtimeProvider.swift */; };
		393DA3F6B2481CBC599F9828 /* HistoryRepository.swift in Sources */ = {isa = PBXBuildFile; fileRef = E4296C56083431AF4D8B75F2 /* HistoryRepository.swift */; };
		3D940BA72F241C85609C8468 /* CorrectionLearningView.swift in Sources */ = {isa = PBXBuildFile; fileRef = A0975F93BD6026DB83BE66BA /* CorrectionLearningView.swift */; };
		44384E8791662B41641112B2 /* HotkeyService.swift in Sources */ = {isa = PBXBuildFile; fileRef = 0FE9307D1D6F3C430EB81C47 /* HotkeyService.swift */; };
		4A474C3D5F03FAF0872D0C06 /* ObjCExceptionCatcher.m in Sources */ = {isa = PBXBuildFile; fileRef = A70B7ABB4FAE5FC3F96EF40C /* ObjCExceptionCatcher.m */; };
		4AADC71C2AD99C4B02C73EDD /* RealtimeSocketSession.swift in Sources */ = {isa = PBXBuildFile; fileRef = FCDAC59350B9390117359543 /* RealtimeSocketSession.swift */; };
		4D2EFEB2F4185781B7272688 /* ControlPanelView.swift in Sources */ = {isa = PBXBuildFile; fileRef = C1827FCF96D30560F007B93C /* ControlPanelView.swift */; };
		4F7E2751C9085D48308B2CA9 /* DictationState.swift in Sources */ = {isa = PBXBuildFile; fileRef = AFB1FA0A318163DC8EBA246D /* DictationState.swift */; };
		4FB05E7D0CDE2589D8A3FABD /* MouthpieceApp.swift in Sources */ = {isa = PBXBuildFile; fileRef = 202A5C104CA1D33343D7EB28 /* MouthpieceApp.swift */; };
		4FFCB31EF517A1A0BD665495 /* SupervisedProcessTests.swift in Sources */ = {isa = PBXBuildFile; fileRef = 3EC3BCBDDF31A9E15195D511 /* SupervisedProcessTests.swift */; };
		5114DA72C8727D9B4F23A72D /* provider-openai.svg in Resources */ = {isa = PBXBuildFile; fileRef = F33CE4BB76FFC238A6A35B30 /* provider-openai.svg */; };
		53BE6F512E01624BE516DBF6 /* PersistenceTests.swift in Sources */ = {isa = PBXBuildFile; fileRef = 0C55850A84F69D2693F16674 /* PersistenceTests.swift */; };
		56817C12453550C85E235C24 /* CorrectionCapture.swift in Sources */ = {isa = PBXBuildFile; fileRef = 6209B3EBF490B73FFCFBE527 /* CorrectionCapture.swift */; };
		583C66018112909D4C31B399 /* mouthpiece-mark.svg in Resources */ = {isa = PBXBuildFile; fileRef = 5BBEF14EF7D7B5E4B7925B11 /* mouthpiece-mark.svg */; };
		5CE5B3948AE7DBFC00EAB40F /* PrivacyDiagnosticsView.swift in Sources */ = {isa = PBXBuildFile; fileRef = 7041F0F70A5B0304F21B6BB6 /* PrivacyDiagnosticsView.swift */; };
		5DD8CB5CA74DEF7E5FAC94E7 /* provider-assemblyai.png in Resources */ = {isa = PBXBuildFile; fileRef = 616849886AEB53652DF4F366 /* provider-assemblyai.png */; };
		625822921D132F271BDDACE8 /* provider-groq.svg in Resources */ = {isa = PBXBuildFile; fileRef = B182DDF5D81617CECF2EE06C /* provider-groq.svg */; };
		650DB320394040311A3B290F /* ReasoningService.swift in Sources */ = {isa = PBXBuildFile; fileRef = 14926ADCBF6F56514838B90D /* ReasoningService.swift */; };
		664AEC27457E03F9EAE8BD73 /* SonioxRealtimeProvider.swift in Sources */ = {isa = PBXBuildFile; fileRef = 0C07998451259427FC5F9268 /* SonioxRealtimeProvider.swift */; };
		6944071CAFC02BB0704CFFAD /* DeepgramRealtimeProvider.swift in Sources */ = {isa = PBXBuildFile; fileRef = 3447C40CD33646B1C77CFEAD /* DeepgramRealtimeProvider.swift */; };
		6A09D19A72BF6FFF93D4650F /* LocalModelInstallationService.swift in Sources */ = {isa = PBXBuildFile; fileRef = 58C2E9CA9C9D5BF8111BD9A1 /* LocalModelInstallationService.swift */; };
		6BA70C1AFC7F5F3C50096045 /* OnboardingView.swift in Sources */ = {isa = PBXBuildFile; fileRef = A32ED6154EF45C286E3C807C /* OnboardingView.swift */; };
		71B51A2960D7F6CF036B2DC3 /* PermissionService.swift in Sources */ = {isa = PBXBuildFile; fileRef = D16F6F6D12736CCEDDC2A832 /* PermissionService.swift */; };
		785AF491081C42C22A93DC4A /* RealtimeSocketSessionTests.swift in Sources */ = {isa = PBXBuildFile; fileRef = B355A151353D33A873E9C90E /* RealtimeSocketSessionTests.swift */; };
		82335095A4919636E2FA228B /* Sparkle in Frameworks */ = {isa = PBXBuildFile; productRef = 6D51BE0C469FD773D295D0B9 /* Sparkle */; };
		877514FAFBC099F0338389C6 /* LocalModelRuntime.swift in Sources */ = {isa = PBXBuildFile; fileRef = 985AC5EB7663AEBC56A4E41F /* LocalModelRuntime.swift */; };
		879E33605FB4F96D271478A0 /* provider-anthropic.svg in Resources */ = {isa = PBXBuildFile; fileRef = 9F0AA63B360B006DB2405323 /* provider-anthropic.svg */; };
		8844C8F25E92E987286457EA /* SupervisedProcess.swift in Sources */ = {isa = PBXBuildFile; fileRef = 4839CE9A5603125120A84F94 /* SupervisedProcess.swift */; };
		8997B00990024C92C753D668 /* BatchTranscriptionClient.swift in Sources */ = {isa = PBXBuildFile; fileRef = 61A78229C54CB604F1508042 /* BatchTranscriptionClient.swift */; };
		8B40A64563DB47477131FC76 /* AppDelegate.swift in Sources */ = {isa = PBXBuildFile; fileRef = 9F07BDA1719C968AE23A7997 /* AppDelegate.swift */; };
		8E11D1B5A2A8DA0845C6C30F /* DictationCoordinator+Reasoning.swift in Sources */ = {isa = PBXBuildFile; fileRef = 327C1A2AFFE22345DA61F3D3 /* DictationCoordinator+Reasoning.swift */; };
		8EFAF03070B5E53B645AC98F /* InMemoryCredentialStore.swift in Sources */ = {isa = PBXBuildFile; fileRef = 22AC7898EDE23F6F4CC60717 /* InMemoryCredentialStore.swift */; };
		930134D742359C55F3140F82 /* Mouthpiece.icns in Resources */ = {isa = PBXBuildFile; fileRef = 531364AC24AAD1894E4DBB28 /* Mouthpiece.icns */; };
		94864AA9B71BC37736D3222E /* AppSettings.swift in Sources */ = {isa = PBXBuildFile; fileRef = D992A8D85465C52531CBD002 /* AppSettings.swift */; };
		959207A8004EEA084B2FD23C /* KeychainStore.swift in Sources */ = {isa = PBXBuildFile; fileRef = DA603181932CF2478C9EC907 /* KeychainStore.swift */; };
		95ECF44D33840B29123C0005 /* ControlPanelComponents.swift in Sources */ = {isa = PBXBuildFile; fileRef = 70DD31A828E2E56F4EB1B602 /* ControlPanelComponents.swift */; };
		9B9ACF7A4FFD525AB596CD1A /* CapsuleController.swift in Sources */ = {isa = PBXBuildFile; fileRef = 21215E9A7E2E8B6EE98CA3CF /* CapsuleController.swift */; };
		9BE02F56769EF416B5477B94 /* CorrectionCaptureLiveTests.swift in Sources */ = {isa = PBXBuildFile; fileRef = B283C2274A4190E8C84C3F9A /* CorrectionCaptureLiveTests.swift */; };
		9E6B73D27BF5EAB22FAE3506 /* UpdateController.swift in Sources */ = {isa = PBXBuildFile; fileRef = 6F6EAB50116A2E22E1BEF9E2 /* UpdateController.swift */; };
		9E9E292CD9916AB9F8B742ED /* SettingsRepository.swift in Sources */ = {isa = PBXBuildFile; fileRef = D4977AEE94F4AF686A40201B /* SettingsRepository.swift */; };
		A240DA86F6370E4A21AE050D /* CorrectionLearningTests.swift in Sources */ = {isa = PBXBuildFile; fileRef = 74FBB3D5CF2D1B61AFE97B55 /* CorrectionLearningTests.swift */; };
		A354D63DB76A86C46ED59351 /* LocalModelCatalog.swift in Sources */ = {isa = PBXBuildFile; fileRef = F355B8755FE4FE25201F1ED0 /* LocalModelCatalog.swift */; };
		AEF715A425F6589186EA6EA7 /* DictationCoordinator+Diagnostics.swift in Sources */ = {isa = PBXBuildFile; fileRef = 8993AF92B193FE1116FCF73F /* DictationCoordinator+Diagnostics.swift */; };
		BAB55B4AB4A206574AC342C0 /* TranscriptionProvider.swift in Sources */ = {isa = PBXBuildFile; fileRef = AD15DDB4974E8338A9223CBC /* TranscriptionProvider.swift */; };
		BB52C51AEF1B38A7CB931508 /* ProcessingSettingsView.swift in Sources */ = {isa = PBXBuildFile; fileRef = C0944AA15411498349BC4E82 /* ProcessingSettingsView.swift */; };
		BBFB3EA1322BA1862CAD2129 /* DebugLogStore.swift in Sources */ = {isa = PBXBuildFile; fileRef = B68D767A89514C2F25309937 /* DebugLogStore.swift */; };
		BCAEFBCB10A388C050E04573 /* mouthpiece-menubar-mark.svg in Resources */ = {isa = PBXBuildFile; fileRef = 871C50B88CEA598EF7F41391 /* mouthpiece-menubar-mark.svg */; };
		BFD43B45905647659F23EFF0 /* ObjCExceptionGuard.swift in Sources */ = {isa = PBXBuildFile; fileRef = 79667A472C6D2AB2632C64FB /* ObjCExceptionGuard.swift */; };
		C0E3D6E50DB92F5E4DA894E6 /* libsqlite3.tbd in Frameworks */ = {isa = PBXBuildFile; fileRef = 4FB4E666C85506C60072109F /* libsqlite3.tbd */; };
		C75391A3121C91FAAD7FCE67 /* TextInsertionService.swift in Sources */ = {isa = PBXBuildFile; fileRef = B46BD5418BD14A71E9B04135 /* TextInsertionService.swift */; };
		CF6921BB639B74645EAB9DEA /* CredentialStore.swift in Sources */ = {isa = PBXBuildFile; fileRef = 5BC32D1B30840775D8ECF085 /* CredentialStore.swift */; };
		D398048BF564B5ADF2251AAF /* Localizable.strings in Resources */ = {isa = PBXBuildFile; fileRef = 71C4CEA23ED3CCFB11B6A7E2 /* Localizable.strings */; };
		D4DE70343D16D35E22AD4436 /* BailianRealtimeProvider.swift in Sources */ = {isa = PBXBuildFile; fileRef = BCEBC42060FEFC594B4704CD /* BailianRealtimeProvider.swift */; };
		D7D9BF453C84177252BEEE69 /* ProviderErrorSanitizer.swift in Sources */ = {isa = PBXBuildFile; fileRef = 8D12196A0053C4F520959AF3 /* ProviderErrorSanitizer.swift */; };
		DE8EF049174BD51DE610DA2B /* provider-mistral.png in Resources */ = {isa = PBXBuildFile; fileRef = 25D63F24AE6F5D1F437FCA08 /* provider-mistral.png */; };
		E0C75E131F314CEC3114585E /* UsageSettingsView.swift in Sources */ = {isa = PBXBuildFile; fileRef = 17A16804AD18BF019565AA5C /* UsageSettingsView.swift */; };
		E153AB82A0978C515CDEAA56 /* SpeechActivityGate.swift in Sources */ = {isa = PBXBuildFile; fileRef = 19F2A6E2EE5C6307AD1B0397 /* SpeechActivityGate.swift */; };
		E4BB190875CFB4CF76D4EE64 /* DictationAndProviderTests.swift in Sources */ = {isa = PBXBuildFile; fileRef = 40DCD77EEE51E5CD93773591 /* DictationAndProviderTests.swift */; };
		E620FF0AAB2BFF5B5C1D598A /* AppEnvironment.swift in Sources */ = {isa = PBXBuildFile; fileRef = C831708EAE57EACA8418A22C /* AppEnvironment.swift */; };
		E8F4F46B2AEDB7EE44C758B0 /* provider-deepgram.svg in Resources */ = {isa = PBXBuildFile; fileRef = C87C4DD6BAF5BDA7145833E3 /* provider-deepgram.svg */; };
		E983B3F9295BDBA78FD26760 /* provider-soniox.png in Resources */ = {isa = PBXBuildFile; fileRef = 5347628D5BA72A65E1824F5C /* provider-soniox.png */; };
		EA5CF8F0B523222C5AEBAD54 /* Binaries in Resources */ = {isa = PBXBuildFile; fileRef = F4C623CB05090C7BECBB185C /* Binaries */; };
		F472566CBFBE07AD12AE857B /* AudioCueService.swift in Sources */ = {isa = PBXBuildFile; fileRef = 2E3015682C8A3F7CF19589AD /* AudioCueService.swift */; };
		FA29B83954AF90DE5BE04FCD /* DictationSettingsView.swift in Sources */ = {isa = PBXBuildFile; fileRef = 010E09EF0048FE7224083DD8 /* DictationSettingsView.swift */; };
		FAB1E10BBED423630CD1E836 /* AudioTests.swift in Sources */ = {isa = PBXBuildFile; fileRef = B65963C52779B6662A3496C1 /* AudioTests.swift */; };
		FC1D0F144BCC3624C48F97FE /* HistoryView.swift in Sources */ = {isa = PBXBuildFile; fileRef = D6AA4B39DCEBF7AC11249C86 /* HistoryView.swift */; };
		FF5C89543EA678559B6C8027 /* AppPaths.swift in Sources */ = {isa = PBXBuildFile; fileRef = 42E56BBE96DE36354A1C2355 /* AppPaths.swift */; };
/* End PBXBuildFile section */

/* Begin PBXContainerItemProxy section */
		2D350237E8D0DBB048B0D627 /* PBXContainerItemProxy */ = {
			isa = PBXContainerItemProxy;
			containerPortal = 7CD3F61CAE06069D9F61C70D /* Project object */;
			proxyType = 1;
			remoteGlobalIDString = B780F76B94020A6A124A09EA;
			remoteInfo = Mouthpiece;
		};
/* End PBXContainerItemProxy section */

/* Begin PBXFileReference section */
		010E09EF0048FE7224083DD8 /* DictationSettingsView.swift */ = {isa = PBXFileReference; lastKnownFileType = sourcecode.swift; path = DictationSettingsView.swift; sourceTree = "<group>"; };
		09EB05050047AEA5E7AF2A0F /* AppEnvironmentTests.swift */ = {isa = PBXFileReference; lastKnownFileType = sourcecode.swift; path = AppEnvironmentTests.swift; sourceTree = "<group>"; };
		0C07998451259427FC5F9268 /* SonioxRealtimeProvider.swift */ = {isa = PBXFileReference; lastKnownFileType = sourcecode.swift; path = SonioxRealtimeProvider.swift; sourceTree = "<group>"; };
		0C55850A84F69D2693F16674 /* PersistenceTests.swift */ = {isa = PBXFileReference; lastKnownFileType = sourcecode.swift; path = PersistenceTests.swift; sourceTree = "<group>"; };
		0D8F1E0A6DE6822CA211F82E /* MouthpieceTests.xctest */ = {isa = PBXFileReference; explicitFileType = wrapper.cfbundle; includeInIndex = 0; path = MouthpieceTests.xctest; sourceTree = BUILT_PRODUCTS_DIR; };
		0FE9307D1D6F3C430EB81C47 /* HotkeyService.swift */ = {isa = PBXFileReference; lastKnownFileType = sourcecode.swift; path = HotkeyService.swift; sourceTree = "<group>"; };
		14926ADCBF6F56514838B90D /* ReasoningService.swift */ = {isa = PBXFileReference; lastKnownFileType = sourcecode.swift; path = ReasoningService.swift; sourceTree = "<group>"; };
		160F69459C813DBE7F5A9A64 /* Mouthpiece-Bridging-Header.h */ = {isa = PBXFileReference; lastKnownFileType = sourcecode.c.h; path = "Mouthpiece-Bridging-Header.h"; sourceTree = "<group>"; };
		17A16804AD18BF019565AA5C /* UsageSettingsView.swift */ = {isa = PBXFileReference; lastKnownFileType = sourcecode.swift; path = UsageSettingsView.swift; sourceTree = "<group>"; };
		19F2A6E2EE5C6307AD1B0397 /* SpeechActivityGate.swift */ = {isa = PBXFileReference; lastKnownFileType = sourcecode.swift; path = SpeechActivityGate.swift; sourceTree = "<group>"; };
		202A5C104CA1D33343D7EB28 /* MouthpieceApp.swift */ = {isa = PBXFileReference; lastKnownFileType = sourcecode.swift; path = MouthpieceApp.swift; sourceTree = "<group>"; };
		21215E9A7E2E8B6EE98CA3CF /* CapsuleController.swift */ = {isa = PBXFileReference; lastKnownFileType = sourcecode.swift; path = CapsuleController.swift; sourceTree = "<group>"; };
		22AC7898EDE23F6F4CC60717 /* InMemoryCredentialStore.swift */ = {isa = PBXFileReference; lastKnownFileType = sourcecode.swift; path = InMemoryCredentialStore.swift; sourceTree = "<group>"; };
		2400733301B8C6B62BBBBADE /* AssemblyAIRealtimeProvider.swift */ = {isa = PBXFileReference; lastKnownFileType = sourcecode.swift; path = AssemblyAIRealtimeProvider.swift; sourceTree = "<group>"; };
		25D63F24AE6F5D1F437FCA08 /* provider-mistral.png */ = {isa = PBXFileReference; lastKnownFileType = image.png; path = "provider-mistral.png"; sourceTree = "<group>"; };
		2E3015682C8A3F7CF19589AD /* AudioCueService.swift */ = {isa = PBXFileReference; lastKnownFileType = sourcecode.swift; path = AudioCueService.swift; sourceTree = "<group>"; };
		327C1A2AFFE22345DA61F3D3 /* DictationCoordinator+Reasoning.swift */ = {isa = PBXFileReference; lastKnownFileType = sourcecode.swift; path = "DictationCoordinator+Reasoning.swift"; sourceTree = "<group>"; };
		3447C40CD33646B1C77CFEAD /* DeepgramRealtimeProvider.swift */ = {isa = PBXFileReference; lastKnownFileType = sourcecode.swift; path = DeepgramRealtimeProvider.swift; sourceTree = "<group>"; };
		3EC3BCBDDF31A9E15195D511 /* SupervisedProcessTests.swift */ = {isa = PBXFileReference; lastKnownFileType = sourcecode.swift; path = SupervisedProcessTests.swift; sourceTree = "<group>"; };
		40DCD77EEE51E5CD93773591 /* DictationAndProviderTests.swift */ = {isa = PBXFileReference; lastKnownFileType = sourcecode.swift; path = DictationAndProviderTests.swift; sourceTree = "<group>"; };
		42E56BBE96DE36354A1C2355 /* AppPaths.swift */ = {isa = PBXFileReference; lastKnownFileType = sourcecode.swift; path = AppPaths.swift; sourceTree = "<group>"; };
		473B94E3083AC662E10BB2F3 /* provider-volcengine.svg */ = {isa = PBXFileReference; path = "provider-volcengine.svg"; sourceTree = "<group>"; };
		4839CE9A5603125120A84F94 /* SupervisedProcess.swift */ = {isa = PBXFileReference; lastKnownFileType = sourcecode.swift; path = SupervisedProcess.swift; sourceTree = "<group>"; };
		4DCBD2075D00E23850F2F254 /* DictationSessionModel.swift */ = {isa = PBXFileReference; lastKnownFileType = sourcecode.swift; path = DictationSessionModel.swift; sourceTree = "<group>"; };
		4FB4E666C85506C60072109F /* libsqlite3.tbd */ = {isa = PBXFileReference; lastKnownFileType = "sourcecode.text-based-dylib-definition"; name = libsqlite3.tbd; path = usr/lib/libsqlite3.tbd; sourceTree = SDKROOT; };
		4FF10FB8792E36433269C821 /* provider-alibaba-cloud.svg */ = {isa = PBXFileReference; path = "provider-alibaba-cloud.svg"; sourceTree = "<group>"; };
		531364AC24AAD1894E4DBB28 /* Mouthpiece.icns */ = {isa = PBXFileReference; lastKnownFileType = image.icns; path = Mouthpiece.icns; sourceTree = "<group>"; };
		5347628D5BA72A65E1824F5C /* provider-soniox.png */ = {isa = PBXFileReference; lastKnownFileType = image.png; path = "provider-soniox.png"; sourceTree = "<group>"; };
		58C2E9CA9C9D5BF8111BD9A1 /* LocalModelInstallationService.swift */ = {isa = PBXFileReference; lastKnownFileType = sourcecode.swift; path = LocalModelInstallationService.swift; sourceTree = "<group>"; };
		5BBEF14EF7D7B5E4B7925B11 /* mouthpiece-mark.svg */ = {isa = PBXFileReference; path = "mouthpiece-mark.svg"; sourceTree = "<group>"; };
		5BC32D1B30840775D8ECF085 /* CredentialStore.swift */ = {isa = PBXFileReference; lastKnownFileType = sourcecode.swift; path = CredentialStore.swift; sourceTree = "<group>"; };
		616849886AEB53652DF4F366 /* provider-assemblyai.png */ = {isa = PBXFileReference; lastKnownFileType = image.png; path = "provider-assemblyai.png"; sourceTree = "<group>"; };
		61A78229C54CB604F1508042 /* BatchTranscriptionClient.swift */ = {isa = PBXFileReference; lastKnownFileType = sourcecode.swift; path = BatchTranscriptionClient.swift; sourceTree = "<group>"; };
		6209B3EBF490B73FFCFBE527 /* CorrectionCapture.swift */ = {isa = PBXFileReference; lastKnownFileType = sourcecode.swift; path = CorrectionCapture.swift; sourceTree = "<group>"; };
		6F6EAB50116A2E22E1BEF9E2 /* UpdateController.swift */ = {isa = PBXFileReference; lastKnownFileType = sourcecode.swift; path = UpdateController.swift; sourceTree = "<group>"; };
		7041F0F70A5B0304F21B6BB6 /* PrivacyDiagnosticsView.swift */ = {isa = PBXFileReference; lastKnownFileType = sourcecode.swift; path = PrivacyDiagnosticsView.swift; sourceTree = "<group>"; };
		70DD31A828E2E56F4EB1B602 /* ControlPanelComponents.swift */ = {isa = PBXFileReference; lastKnownFileType = sourcecode.swift; path = ControlPanelComponents.swift; sourceTree = "<group>"; };
		74FBB3D5CF2D1B61AFE97B55 /* CorrectionLearningTests.swift */ = {isa = PBXFileReference; lastKnownFileType = sourcecode.swift; path = CorrectionLearningTests.swift; sourceTree = "<group>"; };
		79667A472C6D2AB2632C64FB /* ObjCExceptionGuard.swift */ = {isa = PBXFileReference; lastKnownFileType = sourcecode.swift; path = ObjCExceptionGuard.swift; sourceTree = "<group>"; };
		7E3585937DFD74537CD06375 /* AudioCaptureService.swift */ = {isa = PBXFileReference; lastKnownFileType = sourcecode.swift; path = AudioCaptureService.swift; sourceTree = "<group>"; };
		7F767B388D685E79A58214F5 /* ObjCExceptionCatcher.h */ = {isa = PBXFileReference; lastKnownFileType = sourcecode.c.h; path = ObjCExceptionCatcher.h; sourceTree = "<group>"; };
		82D4C3234DFE8927E6B80953 /* AppLocalization.swift */ = {isa = PBXFileReference; lastKnownFileType = sourcecode.swift; path = AppLocalization.swift; sourceTree = "<group>"; };
		82FC2F38172C9F6D2401A7C4 /* en */ = {isa = PBXFileReference; lastKnownFileType = text.plist.strings; name = en; path = en.lproj/Localizable.strings; sourceTree = "<group>"; };
		871C50B88CEA598EF7F41391 /* mouthpiece-menubar-mark.svg */ = {isa = PBXFileReference; path = "mouthpiece-menubar-mark.svg"; sourceTree = "<group>"; };
		8993AF92B193FE1116FCF73F /* DictationCoordinator+Diagnostics.swift */ = {isa = PBXFileReference; lastKnownFileType = sourcecode.swift; path = "DictationCoordinator+Diagnostics.swift"; sourceTree = "<group>"; };
		8D12196A0053C4F520959AF3 /* ProviderErrorSanitizer.swift */ = {isa = PBXFileReference; lastKnownFileType = sourcecode.swift; path = ProviderErrorSanitizer.swift; sourceTree = "<group>"; };
		985AC5EB7663AEBC56A4E41F /* LocalModelRuntime.swift */ = {isa = PBXFileReference; lastKnownFileType = sourcecode.swift; path = LocalModelRuntime.swift; sourceTree = "<group>"; };
		98DE635938EC3C7780D6F4CF /* CorrectionLearning.swift */ = {isa = PBXFileReference; lastKnownFileType = sourcecode.swift; path = CorrectionLearning.swift; sourceTree = "<group>"; };
		9F07BDA1719C968AE23A7997 /* AppDelegate.swift */ = {isa = PBXFileReference; lastKnownFileType = sourcecode.swift; path = AppDelegate.swift; sourceTree = "<group>"; };
		9F0AA63B360B006DB2405323 /* provider-anthropic.svg */ = {isa = PBXFileReference; path = "provider-anthropic.svg"; sourceTree = "<group>"; };
		A0975F93BD6026DB83BE66BA /* CorrectionLearningView.swift */ = {isa = PBXFileReference; lastKnownFileType = sourcecode.swift; path = CorrectionLearningView.swift; sourceTree = "<group>"; };
		A32ED6154EF45C286E3C807C /* OnboardingView.swift */ = {isa = PBXFileReference; lastKnownFileType = sourcecode.swift; path = OnboardingView.swift; sourceTree = "<group>"; };
		A4A1007A71A94BEFBAC33308 /* VolcengineRealtimeProvider.swift */ = {isa = PBXFileReference; lastKnownFileType = sourcecode.swift; path = VolcengineRealtimeProvider.swift; sourceTree = "<group>"; };
		A70B7ABB4FAE5FC3F96EF40C /* ObjCExceptionCatcher.m */ = {isa = PBXFileReference; lastKnownFileType = sourcecode.c.objc; path = ObjCExceptionCatcher.m; sourceTree = "<group>"; };
		AD15DDB4974E8338A9223CBC /* TranscriptionProvider.swift */ = {isa = PBXFileReference; lastKnownFileType = sourcecode.swift; path = TranscriptionProvider.swift; sourceTree = "<group>"; };
		AFB1FA0A318163DC8EBA246D /* DictationState.swift */ = {isa = PBXFileReference; lastKnownFileType = sourcecode.swift; path = DictationState.swift; sourceTree = "<group>"; };
		B1501A6F849E3703BD3FAB3F /* zh-Hant */ = {isa = PBXFileReference; lastKnownFileType = text.plist.strings; name = "zh-Hant"; path = "zh-Hant.lproj/Localizable.strings"; sourceTree = "<group>"; };
		B182DDF5D81617CECF2EE06C /* provider-groq.svg */ = {isa = PBXFileReference; path = "provider-groq.svg"; sourceTree = "<group>"; };
		B283C2274A4190E8C84C3F9A /* CorrectionCaptureLiveTests.swift */ = {isa = PBXFileReference; lastKnownFileType = sourcecode.swift; path = CorrectionCaptureLiveTests.swift; sourceTree = "<group>"; };
		B355A151353D33A873E9C90E /* RealtimeSocketSessionTests.swift */ = {isa = PBXFileReference; lastKnownFileType = sourcecode.swift; path = RealtimeSocketSessionTests.swift; sourceTree = "<group>"; };
		B46BD5418BD14A71E9B04135 /* TextInsertionService.swift */ = {isa = PBXFileReference; lastKnownFileType = sourcecode.swift; path = TextInsertionService.swift; sourceTree = "<group>"; };
		B65963C52779B6662A3496C1 /* AudioTests.swift */ = {isa = PBXFileReference; lastKnownFileType = sourcecode.swift; path = AudioTests.swift; sourceTree = "<group>"; };
		B68D767A89514C2F25309937 /* DebugLogStore.swift */ = {isa = PBXFileReference; lastKnownFileType = sourcecode.swift; path = DebugLogStore.swift; sourceTree = "<group>"; };
		BCEBC42060FEFC594B4704CD /* BailianRealtimeProvider.swift */ = {isa = PBXFileReference; lastKnownFileType = sourcecode.swift; path = BailianRealtimeProvider.swift; sourceTree = "<group>"; };
		BD6AF4263364F99415FE81C5 /* VocabularyRulesView.swift */ = {isa = PBXFileReference; lastKnownFileType = sourcecode.swift; path = VocabularyRulesView.swift; sourceTree = "<group>"; };
		BE3C81AF84F6E595BCAC087B /* Mouthpiece.app */ = {isa = PBXFileReference; explicitFileType = wrapper.application; includeInIndex = 0; path = Mouthpiece.app; sourceTree = BUILT_PRODUCTS_DIR; };
		C0944AA15411498349BC4E82 /* ProcessingSettingsView.swift */ = {isa = PBXFileReference; lastKnownFileType = sourcecode.swift; path = ProcessingSettingsView.swift; sourceTree = "<group>"; };
		C1827FCF96D30560F007B93C /* ControlPanelView.swift */ = {isa = PBXFileReference; lastKnownFileType = sourcecode.swift; path = ControlPanelView.swift; sourceTree = "<group>"; };
		C831708EAE57EACA8418A22C /* AppEnvironment.swift */ = {isa = PBXFileReference; lastKnownFileType = sourcecode.swift; path = AppEnvironment.swift; sourceTree = "<group>"; };
		C87C4DD6BAF5BDA7145833E3 /* provider-deepgram.svg */ = {isa = PBXFileReference; path = "provider-deepgram.svg"; sourceTree = "<group>"; };
		D16F6F6D12736CCEDDC2A832 /* PermissionService.swift */ = {isa = PBXFileReference; lastKnownFileType = sourcecode.swift; path = PermissionService.swift; sourceTree = "<group>"; };
		D4977AEE94F4AF686A40201B /* SettingsRepository.swift */ = {isa = PBXFileReference; lastKnownFileType = sourcecode.swift; path = SettingsRepository.swift; sourceTree = "<group>"; };
		D6AA4B39DCEBF7AC11249C86 /* HistoryView.swift */ = {isa = PBXFileReference; lastKnownFileType = sourcecode.swift; path = HistoryView.swift; sourceTree = "<group>"; };
		D992A8D85465C52531CBD002 /* AppSettings.swift */ = {isa = PBXFileReference; lastKnownFileType = sourcecode.swift; path = AppSettings.swift; sourceTree = "<group>"; };
		DA603181932CF2478C9EC907 /* KeychainStore.swift */ = {isa = PBXFileReference; lastKnownFileType = sourcecode.swift; path = KeychainStore.swift; sourceTree = "<group>"; };
		DEA3890075EF96CBF8C56D97 /* zh-Hans */ = {isa = PBXFileReference; lastKnownFileType = text.plist.strings; name = "zh-Hans"; path = "zh-Hans.lproj/Localizable.strings"; sourceTree = "<group>"; };
		E0EA74E6D9F42B0C455FFCC2 /* CorrectionLearningController.swift */ = {isa = PBXFileReference; lastKnownFileType = sourcecode.swift; path = CorrectionLearningController.swift; sourceTree = "<group>"; };
		E25ADB4A2A92A60860ADDE97 /* DictationCoordinatorTests.swift */ = {isa = PBXFileReference; lastKnownFileType = sourcecode.swift; path = DictationCoordinatorTests.swift; sourceTree = "<group>"; };
		E4296C56083431AF4D8B75F2 /* HistoryRepository.swift */ = {isa = PBXFileReference; lastKnownFileType = sourcecode.swift; path = HistoryRepository.swift; sourceTree = "<group>"; };
		E60374F56B1400EFAA2E6ABC /* DictationCoordinator.swift */ = {isa = PBXFileReference; lastKnownFileType = sourcecode.swift; path = DictationCoordinator.swift; sourceTree = "<group>"; };
		EBF9512E0313324EAB4D27AF /* provider-gemini.svg */ = {isa = PBXFileReference; path = "provider-gemini.svg"; sourceTree = "<group>"; };
		F33CE4BB76FFC238A6A35B30 /* provider-openai.svg */ = {isa = PBXFileReference; path = "provider-openai.svg"; sourceTree = "<group>"; };
		F355B8755FE4FE25201F1ED0 /* LocalModelCatalog.swift */ = {isa = PBXFileReference; lastKnownFileType = sourcecode.swift; path = LocalModelCatalog.swift; sourceTree = "<group>"; };
		F462A88170866B446AECBEDF /* LocalModelRuntimeTests.swift */ = {isa = PBXFileReference; lastKnownFileType = sourcecode.swift; path = LocalModelRuntimeTests.swift; sourceTree = "<group>"; };
		F4C623CB05090C7BECBB185C /* Binaries */ = {isa = PBXFileReference; lastKnownFileType = folder; name = Binaries; path = Native/Binaries; sourceTree = SOURCE_ROOT; };
		FCDAC59350B9390117359543 /* RealtimeSocketSession.swift */ = {isa = PBXFileReference; lastKnownFileType = sourcecode.swift; path = RealtimeSocketSession.swift; sourceTree = "<group>"; };
/* End PBXFileReference section */

/* Begin PBXFrameworksBuildPhase section */
		8A3554B1F837E8E5B77A6798 /* Frameworks */ = {
			isa = PBXFrameworksBuildPhase;
			buildActionMask = 2147483647;
			files = (
				C0E3D6E50DB92F5E4DA894E6 /* libsqlite3.tbd in Frameworks */,
				82335095A4919636E2FA228B /* Sparkle in Frameworks */,
			);
			runOnlyForDeploymentPostprocessing = 0;
		};
/* End PBXFrameworksBuildPhase section */

/* Begin PBXGroup section */
		05F94E33BF9BCDC55A4EB81F = {
			isa = PBXGroup;
			children = (
				2E97C33C92A2A7B17ED168D1 /* Native */,
				2E18A9C233EB14CD5EED034C /* Frameworks */,
				AD1F20AFA6173D6E8C94500D /* Products */,
			);
			sourceTree = "<group>";
		};
		0682B31AB10D1060489710E6 /* Tests */ = {
			isa = PBXGroup;
			children = (
				09EB05050047AEA5E7AF2A0F /* AppEnvironmentTests.swift */,
				B65963C52779B6662A3496C1 /* AudioTests.swift */,
				B283C2274A4190E8C84C3F9A /* CorrectionCaptureLiveTests.swift */,
				74FBB3D5CF2D1B61AFE97B55 /* CorrectionLearningTests.swift */,
				40DCD77EEE51E5CD93773591 /* DictationAndProviderTests.swift */,
				E25ADB4A2A92A60860ADDE97 /* DictationCoordinatorTests.swift */,
				22AC7898EDE23F6F4CC60717 /* InMemoryCredentialStore.swift */,
				F462A88170866B446AECBEDF /* LocalModelRuntimeTests.swift */,
				0C55850A84F69D2693F16674 /* PersistenceTests.swift */,
				B355A151353D33A873E9C90E /* RealtimeSocketSessionTests.swift */,
				3EC3BCBDDF31A9E15195D511 /* SupervisedProcessTests.swift */,
			);
			path = Tests;
			sourceTree = "<group>";
		};
		22ECCF55F5EEE717CCA030A9 /* ProviderIcons */ = {
			isa = PBXGroup;
			children = (
				4FF10FB8792E36433269C821 /* provider-alibaba-cloud.svg */,
				9F0AA63B360B006DB2405323 /* provider-anthropic.svg */,
				616849886AEB53652DF4F366 /* provider-assemblyai.png */,
				C87C4DD6BAF5BDA7145833E3 /* provider-deepgram.svg */,
				EBF9512E0313324EAB4D27AF /* provider-gemini.svg */,
				B182DDF5D81617CECF2EE06C /* provider-groq.svg */,
				25D63F24AE6F5D1F437FCA08 /* provider-mistral.png */,
				F33CE4BB76FFC238A6A35B30 /* provider-openai.svg */,
				5347628D5BA72A65E1824F5C /* provider-soniox.png */,
				473B94E3083AC662E10BB2F3 /* provider-volcengine.svg */,
			);
			path = ProviderIcons;
			sourceTree = "<group>";
		};
		2441DC4C5E9959D769349744 /* Integrations */ = {
			isa = PBXGroup;
			children = (
				262BC2AA22384EDEE6DB345B /* LocalModels */,
				768C6B0BBA40CEE751CAA128 /* Providers */,
				B70736B75FA49E0EA361D3B7 /* Reasoning */,
			);
			path = Integrations;
			sourceTree = "<group>";
		};
		262BC2AA22384EDEE6DB345B /* LocalModels */ = {
			isa = PBXGroup;
			children = (
				F355B8755FE4FE25201F1ED0 /* LocalModelCatalog.swift */,
				58C2E9CA9C9D5BF8111BD9A1 /* LocalModelInstallationService.swift */,
				985AC5EB7663AEBC56A4E41F /* LocalModelRuntime.swift */,
				4839CE9A5603125120A84F94 /* SupervisedProcess.swift */,
			);
			path = LocalModels;
			sourceTree = "<group>";
		};
		2E18A9C233EB14CD5EED034C /* Frameworks */ = {
			isa = PBXGroup;
			children = (
				4FB4E666C85506C60072109F /* libsqlite3.tbd */,
			);
			name = Frameworks;
			sourceTree = "<group>";
		};
		2E97C33C92A2A7B17ED168D1 /* Native */ = {
			isa = PBXGroup;
			children = (
				F4C623CB05090C7BECBB185C /* Binaries */,
				C00297656DCF9390C9BC5997 /* Resources */,
				D99326AF43AAFC25B90A418F /* Sources */,
				0682B31AB10D1060489710E6 /* Tests */,
			);
			path = Native;
			sourceTree = "<group>";
		};
		3874F553EFD4BF65A9556D2B /* Updates */ = {
			isa = PBXGroup;
			children = (
				6F6EAB50116A2E22E1BEF9E2 /* UpdateController.swift */,
			);
			path = Updates;
			sourceTree = "<group>";
		};
		4ED2AB5831EFE467BA125409 /* Audio */ = {
			isa = PBXGroup;
			children = (
				7E3585937DFD74537CD06375 /* AudioCaptureService.swift */,
				2E3015682C8A3F7CF19589AD /* AudioCueService.swift */,
				19F2A6E2EE5C6307AD1B0397 /* SpeechActivityGate.swift */,
			);
			path = Audio;
			sourceTree = "<group>";
		};
		5C4D4BDFE1065B8B70CC8E08 /* Features */ = {
			isa = PBXGroup;
			children = (
				B058286D248C32748029C954 /* Capsule */,
				F31CB5D3F63C10E5CF8926F9 /* ControlPanel */,
				634C2866F6E0F0FD863E761B /* Onboarding */,
			);
			path = Features;
			sourceTree = "<group>";
		};
		634C2866F6E0F0FD863E761B /* Onboarding */ = {
			isa = PBXGroup;
			children = (
				A32ED6154EF45C286E3C807C /* OnboardingView.swift */,
			);
			path = Onboarding;
			sourceTree = "<group>";
		};
		768C6B0BBA40CEE751CAA128 /* Providers */ = {
			isa = PBXGroup;
			children = (
				2400733301B8C6B62BBBBADE /* AssemblyAIRealtimeProvider.swift */,
				BCEBC42060FEFC594B4704CD /* BailianRealtimeProvider.swift */,
				61A78229C54CB604F1508042 /* BatchTranscriptionClient.swift */,
				3447C40CD33646B1C77CFEAD /* DeepgramRealtimeProvider.swift */,
				8D12196A0053C4F520959AF3 /* ProviderErrorSanitizer.swift */,
				FCDAC59350B9390117359543 /* RealtimeSocketSession.swift */,
				0C07998451259427FC5F9268 /* SonioxRealtimeProvider.swift */,
				AD15DDB4974E8338A9223CBC /* TranscriptionProvider.swift */,
				A4A1007A71A94BEFBAC33308 /* VolcengineRealtimeProvider.swift */,
			);
			path = Providers;
			sourceTree = "<group>";
		};
		AD1F20AFA6173D6E8C94500D /* Products */ = {
			isa = PBXGroup;
			children = (
				BE3C81AF84F6E595BCAC087B /* Mouthpiece.app */,
				0D8F1E0A6DE6822CA211F82E /* MouthpieceTests.xctest */,
			);
			name = Products;
			sourceTree = "<group>";
		};
		B058286D248C32748029C954 /* Capsule */ = {
			isa = PBXGroup;
			children = (
				21215E9A7E2E8B6EE98CA3CF /* CapsuleController.swift */,
			);
			path = Capsule;
			sourceTree = "<group>";
		};
		B70736B75FA49E0EA361D3B7 /* Reasoning */ = {
			isa = PBXGroup;
			children = (
				14926ADCBF6F56514838B90D /* ReasoningService.swift */,
			);
			path = Reasoning;
			sourceTree = "<group>";
		};
		BD6F67ABDB34CAAC3DCFF8A1 /* Core */ = {
			isa = PBXGroup;
			children = (
				7F767B388D685E79A58214F5 /* ObjCExceptionCatcher.h */,
				A70B7ABB4FAE5FC3F96EF40C /* ObjCExceptionCatcher.m */,
				79667A472C6D2AB2632C64FB /* ObjCExceptionGuard.swift */,
				4ED2AB5831EFE467BA125409 /* Audio */,
				C345E2FF42A2F9958BBDAE28 /* Diagnostics */,
				C94D44E82550E2DC14CD73B2 /* Dictation */,
				CD0850891C3143DCA4779D47 /* Hotkeys */,
				BF5D96FAFA73E9AF7AE0A316 /* Permissions */,
				C1A40AE343EB1BFC007820D3 /* Persistence */,
				CC8ACF2EB2AF04BBDC4C13C0 /* TextInsertion */,
				3874F553EFD4BF65A9556D2B /* Updates */,
			);
			path = Core;
			sourceTree = "<group>";
		};
		BF5D96FAFA73E9AF7AE0A316 /* Permissions */ = {
			isa = PBXGroup;
			children = (
				D16F6F6D12736CCEDDC2A832 /* PermissionService.swift */,
			);
			path = Permissions;
			sourceTree = "<group>";
		};
		C00297656DCF9390C9BC5997 /* Resources */ = {
			isa = PBXGroup;
			children = (
				5BBEF14EF7D7B5E4B7925B11 /* mouthpiece-mark.svg */,
				871C50B88CEA598EF7F41391 /* mouthpiece-menubar-mark.svg */,
				531364AC24AAD1894E4DBB28 /* Mouthpiece.icns */,
				71C4CEA23ED3CCFB11B6A7E2 /* Localizable.strings */,
				22ECCF55F5EEE717CCA030A9 /* ProviderIcons */,
			);
			path = Resources;
			sourceTree = "<group>";
		};
		C1A40AE343EB1BFC007820D3 /* Persistence */ = {
			isa = PBXGroup;
			children = (
				42E56BBE96DE36354A1C2355 /* AppPaths.swift */,
				D992A8D85465C52531CBD002 /* AppSettings.swift */,
				98DE635938EC3C7780D6F4CF /* CorrectionLearning.swift */,
				5BC32D1B30840775D8ECF085 /* CredentialStore.swift */,
				E4296C56083431AF4D8B75F2 /* HistoryRepository.swift */,
				DA603181932CF2478C9EC907 /* KeychainStore.swift */,
				D4977AEE94F4AF686A40201B /* SettingsRepository.swift */,
			);
			path = Persistence;
			sourceTree = "<group>";
		};
		C345E2FF42A2F9958BBDAE28 /* Diagnostics */ = {
			isa = PBXGroup;
			children = (
				B68D767A89514C2F25309937 /* DebugLogStore.swift */,
			);
			path = Diagnostics;
			sourceTree = "<group>";
		};
		C94D44E82550E2DC14CD73B2 /* Dictation */ = {
			isa = PBXGroup;
			children = (
				E60374F56B1400EFAA2E6ABC /* DictationCoordinator.swift */,
				8993AF92B193FE1116FCF73F /* DictationCoordinator+Diagnostics.swift */,
				327C1A2AFFE22345DA61F3D3 /* DictationCoordinator+Reasoning.swift */,
				AFB1FA0A318163DC8EBA246D /* DictationState.swift */,
			);
			path = Dictation;
			sourceTree = "<group>";
		};
		CC8ACF2EB2AF04BBDC4C13C0 /* TextInsertion */ = {
			isa = PBXGroup;
			children = (
				6209B3EBF490B73FFCFBE527 /* CorrectionCapture.swift */,
				B46BD5418BD14A71E9B04135 /* TextInsertionService.swift */,
			);
			path = TextInsertion;
			sourceTree = "<group>";
		};
		CD0850891C3143DCA4779D47 /* Hotkeys */ = {
			isa = PBXGroup;
			children = (
				0FE9307D1D6F3C430EB81C47 /* HotkeyService.swift */,
			);
			path = Hotkeys;
			sourceTree = "<group>";
		};
		D99326AF43AAFC25B90A418F /* Sources */ = {
			isa = PBXGroup;
			children = (
				160F69459C813DBE7F5A9A64 /* Mouthpiece-Bridging-Header.h */,
				F25D8BC0CD8E1B1836519883 /* App */,
				BD6F67ABDB34CAAC3DCFF8A1 /* Core */,
				5C4D4BDFE1065B8B70CC8E08 /* Features */,
				2441DC4C5E9959D769349744 /* Integrations */,
			);
			path = Sources;
			sourceTree = "<group>";
		};
		F25D8BC0CD8E1B1836519883 /* App */ = {
			isa = PBXGroup;
			children = (
				9F07BDA1719C968AE23A7997 /* AppDelegate.swift */,
				C831708EAE57EACA8418A22C /* AppEnvironment.swift */,
				82D4C3234DFE8927E6B80953 /* AppLocalization.swift */,
				E0EA74E6D9F42B0C455FFCC2 /* CorrectionLearningController.swift */,
				4DCBD2075D00E23850F2F254 /* DictationSessionModel.swift */,
				202A5C104CA1D33343D7EB28 /* MouthpieceApp.swift */,
			);
			path = App;
			sourceTree = "<group>";
		};
		F31CB5D3F63C10E5CF8926F9 /* ControlPanel */ = {
			isa = PBXGroup;
			children = (
				70DD31A828E2E56F4EB1B602 /* ControlPanelComponents.swift */,
				C1827FCF96D30560F007B93C /* ControlPanelView.swift */,
				A0975F93BD6026DB83BE66BA /* CorrectionLearningView.swift */,
				010E09EF0048FE7224083DD8 /* DictationSettingsView.swift */,
				D6AA4B39DCEBF7AC11249C86 /* HistoryView.swift */,
				7041F0F70A5B0304F21B6BB6 /* PrivacyDiagnosticsView.swift */,
				C0944AA15411498349BC4E82 /* ProcessingSettingsView.swift */,
				17A16804AD18BF019565AA5C /* UsageSettingsView.swift */,
				BD6AF4263364F99415FE81C5 /* VocabularyRulesView.swift */,
			);
			path = ControlPanel;
			sourceTree = "<group>";
		};
/* End PBXGroup section */

/* Begin PBXNativeTarget section */
		B680D890B71363AB0798505E /* MouthpieceTests */ = {
			isa = PBXNativeTarget;
			buildConfigurationList = A865C6856DCBFD0ADB0023F0 /* Build configuration list for PBXNativeTarget "MouthpieceTests" */;
			buildPhases = (
				0C37998BCB1E5809E637345F /* Sources */,
			);
			buildRules = (
			);
			dependencies = (
				C20BBA9AF64CABB913C50A8A /* PBXTargetDependency */,
			);
			name = MouthpieceTests;
			packageProductDependencies = (
			);
			productName = MouthpieceTests;
			productReference = 0D8F1E0A6DE6822CA211F82E /* MouthpieceTests.xctest */;
			productType = "com.apple.product-type.bundle.unit-test";
		};
		B780F76B94020A6A124A09EA /* Mouthpiece */ = {
			isa = PBXNativeTarget;
			buildConfigurationList = 41414466B04FDAACBDA101BC /* Build configuration list for PBXNativeTarget "Mouthpiece" */;
			buildPhases = (
				3F553394CAAD7B8632649CBE /* Sources */,
				9255C5E1241BBC0137CD617A /* Resources */,
				8A3554B1F837E8E5B77A6798 /* Frameworks */,
			);
			buildRules = (
			);
			dependencies = (
			);
			name = Mouthpiece;
			packageProductDependencies = (
				6D51BE0C469FD773D295D0B9 /* Sparkle */,
			);
			productName = Mouthpiece;
			productReference = BE3C81AF84F6E595BCAC087B /* Mouthpiece.app */;
			productType = "com.apple.product-type.application";
		};
/* End PBXNativeTarget section */

/* Begin PBXProject section */
		7CD3F61CAE06069D9F61C70D /* Project object */ = {
			isa = PBXProject;
			attributes = {
				BuildIndependentTargetsInParallel = YES;
				LastUpgradeCheck = 1430;
				TargetAttributes = {
					B780F76B94020A6A124A09EA = {
						ProvisioningStyle = Manual;
					};
				};
			};
			buildConfigurationList = 08A0E2FEF3FEBB1DFCE66DBB /* Build configuration list for PBXProject "Mouthpiece" */;
			developmentRegion = en;
			hasScannedForEncodings = 0;
			knownRegions = (
				Base,
				en,
				"zh-Hans",
				"zh-Hant",
			);
			mainGroup = 05F94E33BF9BCDC55A4EB81F;
			minimizedProjectReferenceProxies = 1;
			packageReferences = (
				B771FF7B55BAE57781BE88C4 /* XCRemoteSwiftPackageReference "Sparkle" */,
			);
			preferredProjectObjectVersion = 77;
			productRefGroup = AD1F20AFA6173D6E8C94500D /* Products */;
			projectDirPath = "";
			projectRoot = "";
			targets = (
				B780F76B94020A6A124A09EA /* Mouthpiece */,
				B680D890B71363AB0798505E /* MouthpieceTests */,
			);
		};
/* End PBXProject section */

/* Begin PBXResourcesBuildPhase section */
		9255C5E1241BBC0137CD617A /* Resources */ = {
			isa = PBXResourcesBuildPhase;
			buildActionMask = 2147483647;
			files = (
				EA5CF8F0B523222C5AEBAD54 /* Binaries in Resources */,
				D398048BF564B5ADF2251AAF /* Localizable.strings in Resources */,
				930134D742359C55F3140F82 /* Mouthpiece.icns in Resources */,
				583C66018112909D4C31B399 /* mouthpiece-mark.svg in Resources */,
				BCAEFBCB10A388C050E04573 /* mouthpiece-menubar-mark.svg in Resources */,
				0AC4A0D057AC1D5B184050EB /* provider-alibaba-cloud.svg in Resources */,
				879E33605FB4F96D271478A0 /* provider-anthropic.svg in Resources */,
				5DD8CB5CA74DEF7E5FAC94E7 /* provider-assemblyai.png in Resources */,
				E8F4F46B2AEDB7EE44C758B0 /* provider-deepgram.svg in Resources */,
				0EC4D9AE76C4613A63CCA0CF /* provider-gemini.svg in Resources */,
				625822921D132F271BDDACE8 /* provider-groq.svg in Resources */,
				DE8EF049174BD51DE610DA2B /* provider-mistral.png in Resources */,
				5114DA72C8727D9B4F23A72D /* provider-openai.svg in Resources */,
				E983B3F9295BDBA78FD26760 /* provider-soniox.png in Resources */,
				16506CE0651229C235E6997F /* provider-volcengine.svg in Resources */,
			);
			runOnlyForDeploymentPostprocessing = 0;
		};
/* End PBXResourcesBuildPhase section */

/* Begin PBXSourcesBuildPhase section */
		0C37998BCB1E5809E637345F /* Sources */ = {
			isa = PBXSourcesBuildPhase;
			buildActionMask = 2147483647;
			files = (
				321E53850470F38EB87BD3E4 /* AppEnvironmentTests.swift in Sources */,
				FAB1E10BBED423630CD1E836 /* AudioTests.swift in Sources */,
				9BE02F56769EF416B5477B94 /* CorrectionCaptureLiveTests.swift in Sources */,
				A240DA86F6370E4A21AE050D /* CorrectionLearningTests.swift in Sources */,
				E4BB190875CFB4CF76D4EE64 /* DictationAndProviderTests.swift in Sources */,
				0AA230812A550B3677854703 /* DictationCoordinatorTests.swift in Sources */,
				8EFAF03070B5E53B645AC98F /* InMemoryCredentialStore.swift in Sources */,
				048C1C41BD00CB879A1F1807 /* LocalModelRuntimeTests.swift in Sources */,
				53BE6F512E01624BE516DBF6 /* PersistenceTests.swift in Sources */,
				785AF491081C42C22A93DC4A /* RealtimeSocketSessionTests.swift in Sources */,
				4FFCB31EF517A1A0BD665495 /* SupervisedProcessTests.swift in Sources */,
			);
			runOnlyForDeploymentPostprocessing = 0;
		};
		3F553394CAAD7B8632649CBE /* Sources */ = {
			isa = PBXSourcesBuildPhase;
			buildActionMask = 2147483647;
			files = (
				8B40A64563DB47477131FC76 /* AppDelegate.swift in Sources */,
				E620FF0AAB2BFF5B5C1D598A /* AppEnvironment.swift in Sources */,
				0A440C120208A9FAA7026F3A /* AppLocalization.swift in Sources */,
				FF5C89543EA678559B6C8027 /* AppPaths.swift in Sources */,
				94864AA9B71BC37736D3222E /* AppSettings.swift in Sources */,
				07408B987BBE686D4A2867C8 /* AssemblyAIRealtimeProvider.swift in Sources */,
				1C251ED433E1ADD7BE0CCC97 /* AudioCaptureService.swift in Sources */,
				F472566CBFBE07AD12AE857B /* AudioCueService.swift in Sources */,
				D4DE70343D16D35E22AD4436 /* BailianRealtimeProvider.swift in Sources */,
				8997B00990024C92C753D668 /* BatchTranscriptionClient.swift in Sources */,
				9B9ACF7A4FFD525AB596CD1A /* CapsuleController.swift in Sources */,
				95ECF44D33840B29123C0005 /* ControlPanelComponents.swift in Sources */,
				4D2EFEB2F4185781B7272688 /* ControlPanelView.swift in Sources */,
				56817C12453550C85E235C24 /* CorrectionCapture.swift in Sources */,
				13AEACD81A51544FBB83CC9B /* CorrectionLearning.swift in Sources */,
				079E62AE96D969144BAC101E /* CorrectionLearningController.swift in Sources */,
				3D940BA72F241C85609C8468 /* CorrectionLearningView.swift in Sources */,
				CF6921BB639B74645EAB9DEA /* CredentialStore.swift in Sources */,
				BBFB3EA1322BA1862CAD2129 /* DebugLogStore.swift in Sources */,
				6944071CAFC02BB0704CFFAD /* DeepgramRealtimeProvider.swift in Sources */,
				AEF715A425F6589186EA6EA7 /* DictationCoordinator+Diagnostics.swift in Sources */,
				8E11D1B5A2A8DA0845C6C30F /* DictationCoordinator+Reasoning.swift in Sources */,
				0CC9ECF7F562AD5316B0D744 /* DictationCoordinator.swift in Sources */,
				2DAC26768AB172A2426C376B /* DictationSessionModel.swift in Sources */,
				FA29B83954AF90DE5BE04FCD /* DictationSettingsView.swift in Sources */,
				4F7E2751C9085D48308B2CA9 /* DictationState.swift in Sources */,
				393DA3F6B2481CBC599F9828 /* HistoryRepository.swift in Sources */,
				FC1D0F144BCC3624C48F97FE /* HistoryView.swift in Sources */,
				44384E8791662B41641112B2 /* HotkeyService.swift in Sources */,
				959207A8004EEA084B2FD23C /* KeychainStore.swift in Sources */,
				A354D63DB76A86C46ED59351 /* LocalModelCatalog.swift in Sources */,
				6A09D19A72BF6FFF93D4650F /* LocalModelInstallationService.swift in Sources */,
				877514FAFBC099F0338389C6 /* LocalModelRuntime.swift in Sources */,
				4FB05E7D0CDE2589D8A3FABD /* MouthpieceApp.swift in Sources */,
				4A474C3D5F03FAF0872D0C06 /* ObjCExceptionCatcher.m in Sources */,
				BFD43B45905647659F23EFF0 /* ObjCExceptionGuard.swift in Sources */,
				6BA70C1AFC7F5F3C50096045 /* OnboardingView.swift in Sources */,
				71B51A2960D7F6CF036B2DC3 /* PermissionService.swift in Sources */,
				5CE5B3948AE7DBFC00EAB40F /* PrivacyDiagnosticsView.swift in Sources */,
				BB52C51AEF1B38A7CB931508 /* ProcessingSettingsView.swift in Sources */,
				D7D9BF453C84177252BEEE69 /* ProviderErrorSanitizer.swift in Sources */,
				4AADC71C2AD99C4B02C73EDD /* RealtimeSocketSession.swift in Sources */,
				650DB320394040311A3B290F /* ReasoningService.swift in Sources */,
				9E9E292CD9916AB9F8B742ED /* SettingsRepository.swift in Sources */,
				664AEC27457E03F9EAE8BD73 /* SonioxRealtimeProvider.swift in Sources */,
				E153AB82A0978C515CDEAA56 /* SpeechActivityGate.swift in Sources */,
				8844C8F25E92E987286457EA /* SupervisedProcess.swift in Sources */,
				C75391A3121C91FAAD7FCE67 /* TextInsertionService.swift in Sources */,
				BAB55B4AB4A206574AC342C0 /* TranscriptionProvider.swift in Sources */,
				9E6B73D27BF5EAB22FAE3506 /* UpdateController.swift in Sources */,
				E0C75E131F314CEC3114585E /* UsageSettingsView.swift in Sources */,
				2D95C800B8100F754AB4FEC6 /* VocabularyRulesView.swift in Sources */,
				38C6EAC44D32457CEBAAE9AE /* VolcengineRealtimeProvider.swift in Sources */,
			);
			runOnlyForDeploymentPostprocessing = 0;
		};
/* End PBXSourcesBuildPhase section */

/* Begin PBXTargetDependency section */
		C20BBA9AF64CABB913C50A8A /* PBXTargetDependency */ = {
			isa = PBXTargetDependency;
			target = B780F76B94020A6A124A09EA /* Mouthpiece */;
			targetProxy = 2D350237E8D0DBB048B0D627 /* PBXContainerItemProxy */;
		};
/* End PBXTargetDependency section */

/* Begin PBXVariantGroup section */
		71C4CEA23ED3CCFB11B6A7E2 /* Localizable.strings */ = {
			isa = PBXVariantGroup;
			children = (
				82FC2F38172C9F6D2401A7C4 /* en */,
				DEA3890075EF96CBF8C56D97 /* zh-Hans */,
				B1501A6F849E3703BD3FAB3F /* zh-Hant */,
			);
			name = Localizable.strings;
			sourceTree = "<group>";
		};
/* End PBXVariantGroup section */

/* Begin XCBuildConfiguration section */
		23D7957094A1313FDAB619BD /* Release */ = {
			isa = XCBuildConfiguration;
			buildSettings = {
				ASSETCATALOG_COMPILER_APPICON_NAME = AppIcon;
				CODE_SIGN_ENTITLEMENTS = Native/Resources/Mouthpiece.entitlements;
				CODE_SIGN_IDENTITY = "Mouthpiece Code Signing";
				CODE_SIGN_STYLE = Manual;
				COMBINE_HIDPI_IMAGES = YES;
				INFOPLIST_FILE = Native/Resources/Info.plist;
				LD_RUNPATH_SEARCH_PATHS = (
					"$(inherited)",
					"@executable_path/../Frameworks",
				);
				PRODUCT_BUNDLE_IDENTIFIER = com.mouthpiece.app;
				PRODUCT_NAME = Mouthpiece;
				SDKROOT = macosx;
				SWIFT_OBJC_BRIDGING_HEADER = "Native/Sources/Mouthpiece-Bridging-Header.h";
			};
			name = Release;
		};
		56492331A65F38814045544A /* Release */ = {
			isa = XCBuildConfiguration;
			buildSettings = {
				ALWAYS_SEARCH_USER_PATHS = NO;
				CLANG_ANALYZER_NONNULL = YES;
				CLANG_ANALYZER_NUMBER_OBJECT_CONVERSION = YES_AGGRESSIVE;
				CLANG_CXX_LANGUAGE_STANDARD = "gnu++14";
				CLANG_CXX_LIBRARY = "libc++";
				CLANG_ENABLE_MODULES = YES;
				CLANG_ENABLE_OBJC_ARC = YES;
				CLANG_ENABLE_OBJC_WEAK = YES;
				CLANG_WARN_BLOCK_CAPTURE_AUTORELEASING = YES;
				CLANG_WARN_BOOL_CONVERSION = YES;
				CLANG_WARN_COMMA = YES;
				CLANG_WARN_CONSTANT_CONVERSION = YES;
				CLANG_WARN_DEPRECATED_OBJC_IMPLEMENTATIONS = YES;
				CLANG_WARN_DIRECT_OBJC_ISA_USAGE = YES_ERROR;
				CLANG_WARN_DOCUMENTATION_COMMENTS = YES;
				CLANG_WARN_EMPTY_BODY = YES;
				CLANG_WARN_ENUM_CONVERSION = YES;
				CLANG_WARN_INFINITE_RECURSION = YES;
				CLANG_WARN_INT_CONVERSION = YES;
				CLANG_WARN_NON_LITERAL_NULL_CONVERSION = YES;
				CLANG_WARN_OBJC_IMPLICIT_RETAIN_SELF = YES;
				CLANG_WARN_OBJC_LITERAL_CONVERSION = YES;
				CLANG_WARN_OBJC_ROOT_CLASS = YES_ERROR;
				CLANG_WARN_QUOTED_INCLUDE_IN_FRAMEWORK_HEADER = YES;
				CLANG_WARN_RANGE_LOOP_ANALYSIS = YES;
				CLANG_WARN_STRICT_PROTOTYPES = YES;
				CLANG_WARN_SUSPICIOUS_MOVE = YES;
				CLANG_WARN_UNGUARDED_AVAILABILITY = YES_AGGRESSIVE;
				CLANG_WARN_UNREACHABLE_CODE = YES;
				CLANG_WARN__DUPLICATE_METHOD_MATCH = YES;
				COPY_PHASE_STRIP = NO;
				CURRENT_PROJECT_VERSION = 20106;
				DEBUG_INFORMATION_FORMAT = "dwarf-with-dsym";
				ENABLE_HARDENED_RUNTIME = YES;
				ENABLE_NS_ASSERTIONS = NO;
				ENABLE_STRICT_OBJC_MSGSEND = YES;
				GCC_C_LANGUAGE_STANDARD = gnu11;
				GCC_NO_COMMON_BLOCKS = YES;
				GCC_WARN_64_TO_32_BIT_CONVERSION = YES;
				GCC_WARN_ABOUT_RETURN_TYPE = YES_ERROR;
				GCC_WARN_UNDECLARED_SELECTOR = YES;
				GCC_WARN_UNINITIALIZED_AUTOS = YES_AGGRESSIVE;
				GCC_WARN_UNUSED_FUNCTION = YES;
				GCC_WARN_UNUSED_VARIABLE = YES;
				MACOSX_DEPLOYMENT_TARGET = 15.0;
				MARKETING_VERSION = 2.1.6;
				MTL_ENABLE_DEBUG_INFO = NO;
				MTL_FAST_MATH = YES;
				PRODUCT_NAME = "$(TARGET_NAME)";
				SDKROOT = macosx;
				SPARKLE_PUBLIC_ED_KEY = "xRChY2RKm/B9cIqShYuSXEzg9pOkg+FC2eV1StcYNsk=";
				SWIFT_COMPILATION_MODE = wholemodule;
				SWIFT_OPTIMIZATION_LEVEL = "-O";
				SWIFT_STRICT_CONCURRENCY = complete;
				SWIFT_VERSION = 6.0;
			};
			name = Release;
		};
		868B3D3E92EC2AC97422E533 /* Debug */ = {
			isa = XCBuildConfiguration;
			buildSettings = {
				BUNDLE_LOADER = "$(TEST_HOST)";
				COMBINE_HIDPI_IMAGES = YES;
				GENERATE_INFOPLIST_FILE = YES;
				LD_RUNPATH_SEARCH_PATHS = (
					"$(inherited)",
					"@executable_path/../Frameworks",
					"@loader_path/../Frameworks",
				);
				PRODUCT_BUNDLE_IDENTIFIER = com.mouthpiece.app.tests;
				SDKROOT = macosx;
				TEST_HOST = "$(BUILT_PRODUCTS_DIR)/Mouthpiece.app/Contents/MacOS/Mouthpiece";
			};
			name = Debug;
		};
		86B24F4920EC4CE7F5A9964D /* Debug */ = {
			isa = XCBuildConfiguration;
			buildSettings = {
				ASSETCATALOG_COMPILER_APPICON_NAME = AppIcon;
				CODE_SIGN_ENTITLEMENTS = Native/Resources/Mouthpiece.entitlements;
				CODE_SIGN_IDENTITY = "Mouthpiece Code Signing";
				CODE_SIGN_STYLE = Manual;
				COMBINE_HIDPI_IMAGES = YES;
				INFOPLIST_FILE = Native/Resources/Info.plist;
				LD_RUNPATH_SEARCH_PATHS = (
					"$(inherited)",
					"@executable_path/../Frameworks",
				);
				PRODUCT_BUNDLE_IDENTIFIER = com.mouthpiece.app;
				PRODUCT_NAME = Mouthpiece;
				SDKROOT = macosx;
				SWIFT_OBJC_BRIDGING_HEADER = "Native/Sources/Mouthpiece-Bridging-Header.h";
			};
			name = Debug;
		};
		BE1CE18BD8F1C4F1AF3625CF /* Debug */ = {
			isa = XCBuildConfiguration;
			buildSettings = {
				ALWAYS_SEARCH_USER_PATHS = NO;
				CLANG_ANALYZER_NONNULL = YES;
				CLANG_ANALYZER_NUMBER_OBJECT_CONVERSION = YES_AGGRESSIVE;
				CLANG_CXX_LANGUAGE_STANDARD = "gnu++14";
				CLANG_CXX_LIBRARY = "libc++";
				CLANG_ENABLE_MODULES = YES;
				CLANG_ENABLE_OBJC_ARC = YES;
				CLANG_ENABLE_OBJC_WEAK = YES;
				CLANG_WARN_BLOCK_CAPTURE_AUTORELEASING = YES;
				CLANG_WARN_BOOL_CONVERSION = YES;
				CLANG_WARN_COMMA = YES;
				CLANG_WARN_CONSTANT_CONVERSION = YES;
				CLANG_WARN_DEPRECATED_OBJC_IMPLEMENTATIONS = YES;
				CLANG_WARN_DIRECT_OBJC_ISA_USAGE = YES_ERROR;
				CLANG_WARN_DOCUMENTATION_COMMENTS = YES;
				CLANG_WARN_EMPTY_BODY = YES;
				CLANG_WARN_ENUM_CONVERSION = YES;
				CLANG_WARN_INFINITE_RECURSION = YES;
				CLANG_WARN_INT_CONVERSION = YES;
				CLANG_WARN_NON_LITERAL_NULL_CONVERSION = YES;
				CLANG_WARN_OBJC_IMPLICIT_RETAIN_SELF = YES;
				CLANG_WARN_OBJC_LITERAL_CONVERSION = YES;
				CLANG_WARN_OBJC_ROOT_CLASS = YES_ERROR;
				CLANG_WARN_QUOTED_INCLUDE_IN_FRAMEWORK_HEADER = YES;
				CLANG_WARN_RANGE_LOOP_ANALYSIS = YES;
				CLANG_WARN_STRICT_PROTOTYPES = YES;
				CLANG_WARN_SUSPICIOUS_MOVE = YES;
				CLANG_WARN_UNGUARDED_AVAILABILITY = YES_AGGRESSIVE;
				CLANG_WARN_UNREACHABLE_CODE = YES;
				CLANG_WARN__DUPLICATE_METHOD_MATCH = YES;
				COPY_PHASE_STRIP = NO;
				CURRENT_PROJECT_VERSION = 20106;
				DEBUG_INFORMATION_FORMAT = dwarf;
				ENABLE_HARDENED_RUNTIME = YES;
				ENABLE_STRICT_OBJC_MSGSEND = YES;
				ENABLE_TESTABILITY = YES;
				GCC_C_LANGUAGE_STANDARD = gnu11;
				GCC_DYNAMIC_NO_PIC = NO;
				GCC_NO_COMMON_BLOCKS = YES;
				GCC_OPTIMIZATION_LEVEL = 0;
				GCC_PREPROCESSOR_DEFINITIONS = (
					"$(inherited)",
					"DEBUG=1",
				);
				GCC_WARN_64_TO_32_BIT_CONVERSION = YES;
				GCC_WARN_ABOUT_RETURN_TYPE = YES_ERROR;
				GCC_WARN_UNDECLARED_SELECTOR = YES;
				GCC_WARN_UNINITIALIZED_AUTOS = YES_AGGRESSIVE;
				GCC_WARN_UNUSED_FUNCTION = YES;
				GCC_WARN_UNUSED_VARIABLE = YES;
				MACOSX_DEPLOYMENT_TARGET = 15.0;
				MARKETING_VERSION = 2.1.6;
				MTL_ENABLE_DEBUG_INFO = INCLUDE_SOURCE;
				MTL_FAST_MATH = YES;
				ONLY_ACTIVE_ARCH = YES;
				PRODUCT_NAME = "$(TARGET_NAME)";
				SDKROOT = macosx;
				SPARKLE_PUBLIC_ED_KEY = "xRChY2RKm/B9cIqShYuSXEzg9pOkg+FC2eV1StcYNsk=";
				SWIFT_ACTIVE_COMPILATION_CONDITIONS = DEBUG;
				SWIFT_OPTIMIZATION_LEVEL = "-Onone";
				SWIFT_STRICT_CONCURRENCY = complete;
				SWIFT_VERSION = 6.0;
			};
			name = Debug;
		};
		D1779C4B880F1ECC2554784C /* Release */ = {
			isa = XCBuildConfiguration;
			buildSettings = {
				BUNDLE_LOADER = "$(TEST_HOST)";
				COMBINE_HIDPI_IMAGES = YES;
				GENERATE_INFOPLIST_FILE = YES;
				LD_RUNPATH_SEARCH_PATHS = (
					"$(inherited)",
					"@executable_path/../Frameworks",
					"@loader_path/../Frameworks",
				);
				PRODUCT_BUNDLE_IDENTIFIER = com.mouthpiece.app.tests;
				SDKROOT = macosx;
				TEST_HOST = "$(BUILT_PRODUCTS_DIR)/Mouthpiece.app/Contents/MacOS/Mouthpiece";
			};
			name = Release;
		};
/* End XCBuildConfiguration section */

/* Begin XCConfigurationList section */
		08A0E2FEF3FEBB1DFCE66DBB /* Build configuration list for PBXProject "Mouthpiece" */ = {
			isa = XCConfigurationList;
			buildConfigurations = (
				BE1CE18BD8F1C4F1AF3625CF /* Debug */,
				56492331A65F38814045544A /* Release */,
			);
			defaultConfigurationIsVisible = 0;
			defaultConfigurationName = Debug;
		};
		41414466B04FDAACBDA101BC /* Build configuration list for PBXNativeTarget "Mouthpiece" */ = {
			isa = XCConfigurationList;
			buildConfigurations = (
				86B24F4920EC4CE7F5A9964D /* Debug */,
				23D7957094A1313FDAB619BD /* Release */,
			);
			defaultConfigurationIsVisible = 0;
			defaultConfigurationName = Debug;
		};
		A865C6856DCBFD0ADB0023F0 /* Build configuration list for PBXNativeTarget "MouthpieceTests" */ = {
			isa = XCConfigurationList;
			buildConfigurations = (
				868B3D3E92EC2AC97422E533 /* Debug */,
				D1779C4B880F1ECC2554784C /* Release */,
			);
			defaultConfigurationIsVisible = 0;
			defaultConfigurationName = Debug;
		};
/* End XCConfigurationList section */

/* Begin XCRemoteSwiftPackageReference section */
		B771FF7B55BAE57781BE88C4 /* XCRemoteSwiftPackageReference "Sparkle" */ = {
			isa = XCRemoteSwiftPackageReference;
			repositoryURL = "https://github.com/sparkle-project/Sparkle.git";
			requirement = {
				kind = exactVersion;
				version = 2.9.4;
			};
		};
/* End XCRemoteSwiftPackageReference section */

/* Begin XCSwiftPackageProductDependency section */
		6D51BE0C469FD773D295D0B9 /* Sparkle */ = {
			isa = XCSwiftPackageProductDependency;
			package = B771FF7B55BAE57781BE88C4 /* XCRemoteSwiftPackageReference "Sparkle" */;
			productName = Sparkle;
		};
/* End XCSwiftPackageProductDependency section */
	};
	rootObject = 7CD3F61CAE06069D9F61C70D /* Project object */;
}
